
Microsoft Visual Studio Solution File, Format Version 12.00
# Visual Studio Version 16
VisualStudioVersion = 16.0.31729.503
MinimumVisualStudioVersion = 10.0.40219.1
Project("{FAE04EC0-301F-11D3-BF4B-00C04F79EFBC}") = "MyFirstApp", "MyFirstApp.csproj", "{335714D0-C7C4-48E2-8FBC-2F2E7F8DF070}"
EndProject
Global
	GlobalSection(SolutionConfigurationPlatforms) = preSolution
		Debug|Any CPU = Debug|Any CPU
		Release|Any CPU = Release|Any CPU
	EndGlobalSection
	GlobalSection(ProjectConfigurationPlatforms) = postSolution
		{335714D0-C7C4-48E2-8FBC-2F2E7F8DF070}.Debug|Any CPU.ActiveCfg = Debug|Any CPU
		{335714D0-C7C4-48E2-8FBC-2F2E7F8DF070}.Debug|Any CPU.Build.0 = Debug|Any CPU
		{335714D0-C7C4-48E2-8FBC-2F2E7F8DF070}.Release|Any CPU.ActiveCfg = Release|Any CPU
		{335714D0-C7C4-48E2-8FBC-2F2E7F8DF070}.Release|Any CPU.Build.0 = Release|Any CPU
	EndGlobalSection
	GlobalSection(SolutionProperties) = preSolution
		HideSolutionNode = FALSE
	EndGlobalSection
	GlobalSection(ExtensibilityGlobals) = postSolution
		SolutionGuid = {C30C6AA7-0FCD-473F-AF67-B06AFD0B216C}
	EndGlobalSection
EndGlobal
